
Microsoft Visual Studio Solution File, Format Version 12.00
# Visual Studio Version 17
VisualStudioVersion = 17.3.32929.385
MinimumVisualStudioVersion = 10.0.40219.1
Project("{FAE04EC0-301F-11D3-BF4B-00C04F79EFBC}") = "EstruturaCondicionalAprovacaoReprovacao", "EstruturaCondicionalAprovacaoReprovacao\EstruturaCondicionalAprovacaoReprovacao.csproj", "{4ACC34CB-216B-4723-A379-DC426156FB4D}"
EndProject
Global
	GlobalSection(SolutionConfigurationPlatforms) = preSolution
		Debug|Any CPU = Debug|Any CPU
		Release|Any CPU = Release|Any CPU
	EndGlobalSection
	GlobalSection(ProjectConfigurationPlatforms) = postSolution
		{4ACC34CB-216B-4723-A379-DC426156FB4D}.Debug|Any CPU.ActiveCfg = Debug|Any CPU
		{4ACC34CB-216B-4723-A379-DC426156FB4D}.Debug|Any CPU.Build.0 = Debug|Any CPU
		{4ACC34CB-216B-4723-A379-DC426156FB4D}.Release|Any CPU.ActiveCfg = Release|Any CPU
		{4ACC34CB-216B-4723-A379-DC426156FB4D}.Release|Any CPU.Build.0 = Release|Any CPU
	EndGlobalSection
	GlobalSection(SolutionProperties) = preSolution
		HideSolutionNode = FALSE
	EndGlobalSection
	GlobalSection(ExtensibilityGlobals) = postSolution
		SolutionGuid = {805A2290-81D5-49D8-B106-A09E2C8AA60D}
	EndGlobalSection
EndGlobal
